// !$*UTF8*$!
{
	archiveVersion = 1;
	classes = {
	};
	objectVersion = 50;
	objects = {

/* Begin PBXBuildFile section */
		3B9D6975255D2911003DB01A /* AppDelegate.swift in Sources */ = {isa = PBXBuildFile; fileRef = 3B9D6974255D2911003DB01A /* AppDelegate.swift */; };
		3B9D6977255D2911003DB01A /* SceneDelegate.swift in Sources */ = {isa = PBXBuildFile; fileRef = 3B9D6976255D2911003DB01A /* SceneDelegate.swift */; };
		3B9D6979255D2911003DB01A /* ViewController.swift in Sources */ = {isa = PBXBuildFile; fileRef = 3B9D6978255D2911003DB01A /* ViewController.swift */; };
		3B9D697C255D2911003DB01A /* Main.storyboard in Resources */ = {isa = PBXBuildFile; fileRef = 3B9D697A255D2911003DB01A /* Main.storyboard */; };
		3B9D697E255D2913003DB01A /* Assets.xcassets in Resources */ = {isa = PBXBuildFile; fileRef = 3B9D697D255D2913003DB01A /* Assets.xcassets */; };
		3B9D6981255D2913003DB01A /* LaunchScreen.storyboard in Resources */ = {isa = PBXBuildFile; fileRef = 3B9D697F255D2913003DB01A /* LaunchScreen.storyboard */; };
		3B9D698C255D2913003DB01A /* Table_ViewTests.swift in Sources */ = {isa = PBXBuildFile; fileRef = 3B9D698B255D2913003DB01A /* Table_ViewTests.swift */; };
		3B9D6997255D2913003DB01A /* Table_ViewUITests.swift in Sources */ = {isa = PBXBuildFile; fileRef = 3B9D6996255D2913003DB01A /* Table_ViewUITests.swift */; };
		3B9D69A8255D2C54003DB01A /* ProvinsiTableViewCell.swift in Sources */ = {isa = PBXBuildFile; fileRef = 3B9D69A7255D2C54003DB01A /* ProvinsiTableViewCell.swift */; };
/* End PBXBuildFile section */

/* Begin PBXContainerItemProxy section */
		3B9D6988255D2913003DB01A /* PBXContainerItemProxy */ = {
			isa = PBXContainerItemProxy;
			containerPortal = 3B9D6969255D2911003DB01A /* Project object */;
			proxyType = 1;
			remoteGlobalIDString = 3B9D6970255D2911003DB01A;
			remoteInfo = "Table View";
		};
		3B9D6993255D2913003DB01A /* PBXContainerItemProxy */ = {
			isa = PBXContainerItemProxy;
			containerPortal = 3B9D6969255D2911003DB01A /* Project object */;
			proxyType = 1;
			remoteGlobalIDString = 3B9D6970255D2911003DB01A;
			remoteInfo = "Table View";
		};
/* End PBXContainerItemProxy section */

/* Begin PBXFileReference section */
		3B9D6971255D2911003DB01A /* Table View.app */ = {isa = PBXFileReference; explicitFileType = wrapper.application; includeInIndex = 0; path = "Table View.app"; sourceTree = BUILT_PRODUCTS_DIR; };
		3B9D6974255D2911003DB01A /* AppDelegate.swift */ = {isa = PBXFileReference; lastKnownFileType = sourcecode.swift; path = AppDelegate.swift; sourceTree = "<group>"; };
		3B9D6976255D2911003DB01A /* SceneDelegate.swift */ = {isa = PBXFileReference; lastKnownFileType = sourcecode.swift; path = SceneDelegate.swift; sourceTree = "<group>"; };
		3B9D6978255D2911003DB01A /* ViewController.swift */ = {isa = PBXFileReference; lastKnownFileType = sourcecode.swift; path = ViewController.swift; sourceTree = "<group>"; };
		3B9D697B255D2911003DB01A /* Base */ = {isa = PBXFileReference; lastKnownFileType = file.storyboard; name = Base; path = Base.lproj/Main.storyboard; sourceTree = "<group>"; };
		3B9D697D255D2913003DB01A /* Assets.xcassets */ = {isa = PBXFileReference; lastKnownFileType = folder.assetcatalog; path = Assets.xcassets; sourceTree = "<group>"; };
		3B9D6980255D2913003DB01A /* Base */ = {isa = PBXFileReference; lastKnownFileType = file.storyboard; name = Base; path = Base.lproj/LaunchScreen.storyboard; sourceTree = "<group>"; };
		3B9D6982255D2913003DB01A /* Info.plist */ = {isa = PBXFileReference; lastKnownFileType = text.plist.xml; path = Info.plist; sourceTree = "<group>"; };
		3B9D6987255D2913003DB01A /* Table ViewTests.xctest */ = {isa = PBXFileReference; explicitFileType = wrapper.cfbundle; includeInIndex = 0; path = "Table ViewTests.xctest"; sourceTree = BUILT_PRODUCTS_DIR; };
		3B9D698B255D2913003DB01A /* Table_ViewTests.swift */ = {isa = PBXFileReference; lastKnownFileType = sourcecode.swift; path = Table_ViewTests.swift; sourceTree = "<group>"; };
		3B9D698D255D2913003DB01A /* Info.plist */ = {isa = PBXFileReference; lastKnownFileType = text.plist.xml; path = Info.plist; sourceTree = "<group>"; };
		3B9D6992255D2913003DB01A /* Table ViewUITests.xctest */ = {isa = PBXFileReference; explicitFileType = wrapper.cfbundle; includeInIndex = 0; path = "Table ViewUITests.xctest"; sourceTree = BUILT_PRODUCTS_DIR; };
		3B9D6996255D2913003DB01A /* Table_ViewUITests.swift */ = {isa = PBXFileReference; lastKnownFileType = sourcecode.swift; path = Table_ViewUITests.swift; sourceTree = "<group>"; };
		3B9D6998255D2913003DB01A /* Info.plist */ = {isa = PBXFileReference; lastKnownFileType = text.plist.xml; path = Info.plist; sourceTree = "<group>"; };
		3B9D69A7255D2C54003DB01A /* ProvinsiTableViewCell.swift */ = {isa = PBXFileReference; lastKnownFileType = sourcecode.swift; path = ProvinsiTableViewCell.swift; sourceTree = "<group>"; };
/* End PBXFileReference section */

/* Begin PBXFrameworksBuildPhase section */
		3B9D696E255D2911003DB01A /* Frameworks */ = {
			isa = PBXFrameworksBuildPhase;
			buildActionMask = 2147483647;
			files = (
			);
			runOnlyForDeploymentPostprocessing = 0;
		};
		3B9D6984255D2913003DB01A /* Frameworks */ = {
			isa = PBXFrameworksBuildPhase;
			buildActionMask = 2147483647;
			files = (
			);
			runOnlyForDeploymentPostprocessing = 0;
		};
		3B9D698F255D2913003DB01A /* Frameworks */ = {
			isa = PBXFrameworksBuildPhase;
			buildActionMask = 2147483647;
			files = (
			);
			runOnlyForDeploymentPostprocessing = 0;
		};
/* End PBXFrameworksBuildPhase section */

/* Begin PBXGroup section */
		3B9D6968255D2911003DB01A = {
			isa = PBXGroup;
			children = (
				3B9D6973255D2911003DB01A /* Table View */,
				3B9D698A255D2913003DB01A /* Table ViewTests */,
				3B9D6995255D2913003DB01A /* Table ViewUITests */,
				3B9D6972255D2911003DB01A /* Products */,
			);
			sourceTree = "<group>";
		};
		3B9D6972255D2911003DB01A /* Products */ = {
			isa = PBXGroup;
			children = (
				3B9D6971255D2911003DB01A /* Table View.app */,
				3B9D6987255D2913003DB01A /* Table ViewTests.xctest */,
				3B9D6992255D2913003DB01A /* Table ViewUITests.xctest */,
			);
			name = Products;
			sourceTree = "<group>";
		};
		3B9D6973255D2911003DB01A /* Table View */ = {
			isa = PBXGroup;
			children = (
				3B9D6974255D2911003DB01A /* AppDelegate.swift */,
				3B9D6976255D2911003DB01A /* SceneDelegate.swift */,
				3B9D6978255D2911003DB01A /* ViewController.swift */,
				3B9D697A255D2911003DB01A /* Main.storyboard */,
				3B9D697D255D2913003DB01A /* Assets.xcassets */,
				3B9D697F255D2913003DB01A /* LaunchScreen.storyboard */,
				3B9D6982255D2913003DB01A /* Info.plist */,
				3B9D69A7255D2C54003DB01A /* ProvinsiTableViewCell.swift */,
			);
			path = "Table View";
			sourceTree = "<group>";
		};
		3B9D698A255D2913003DB01A /* Table ViewTests */ = {
			isa = PBXGroup;
			children = (
				3B9D698B255D2913003DB01A /* Table_ViewTests.swift */,
				3B9D698D255D2913003DB01A /* Info.plist */,
			);
			path = "Table ViewTests";
			sourceTree = "<group>";
		};
		3B9D6995255D2913003DB01A /* Table ViewUITests */ = {
			isa = PBXGroup;
			children = (
				3B9D6996255D2913003DB01A /* Table_ViewUITests.swift */,
				3B9D6998255D2913003DB01A /* Info.plist */,
			);
			path = "Table ViewUITests";
			sourceTree = "<group>";
		};
/* End PBXGroup section */

/* Begin PBXNativeTarget section */
		3B9D6970255D2911003DB01A /* Table View */ = {
			isa = PBXNativeTarget;
			buildConfigurationList = 3B9D699B255D2913003DB01A /* Build configuration list for PBXNativeTarget "Table View" */;
			buildPhases = (
				3B9D696D255D2911003DB01A /* Sources */,
				3B9D696E255D2911003DB01A /* Frameworks */,
				3B9D696F255D2911003DB01A /* Resources */,
			);
			buildRules = (
			);
			dependencies = (
			);
			name = "Table View";
			productName = "Table View";
			productReference = 3B9D6971255D2911003DB01A /* Table View.app */;
			productType = "com.apple.product-type.application";
		};
		3B9D6986255D2913003DB01A /* Table ViewTests */ = {
			isa = PBXNativeTarget;
			buildConfigurationList = 3B9D699E255D2913003DB01A /* Build configuration list for PBXNativeTarget "Table ViewTests" */;
			buildPhases = (
				3B9D6983255D2913003DB01A /* Sources */,
				3B9D6984255D2913003DB01A /* Frameworks */,
				3B9D6985255D2913003DB01A /* Resources */,
			);
			buildRules = (
			);
			dependencies = (
				3B9D6989255D2913003DB01A /* PBXTargetDependency */,
			);
			name = "Table ViewTests";
			productName = "Table ViewTests";
			productReference = 3B9D6987255D2913003DB01A /* Table ViewTests.xctest */;
			productType = "com.apple.product-type.bundle.unit-test";
		};
		3B9D6991255D2913003DB01A /* Table ViewUITests */ = {
			isa = PBXNativeTarget;
			buildConfigurationList = 3B9D69A1255D2913003DB01A /* Build configuration list for PBXNativeTarget "Table ViewUITests" */;
			buildPhases = (
				3B9D698E255D2913003DB01A /* Sources */,
				3B9D698F255D2913003DB01A /* Frameworks */,
				3B9D6990255D2913003DB01A /* Resources */,
			);
			buildRules = (
			);
			dependencies = (
				3B9D6994255D2913003DB01A /* PBXTargetDependency */,
			);
			name = "Table ViewUITests";
			productName = "Table ViewUITests";
			productReference = 3B9D6992255D2913003DB01A /* Table ViewUITests.xctest */;
			productType = "com.apple.product-type.bundle.ui-testing";
		};
/* End PBXNativeTarget section */

/* Begin PBXProject section */
		3B9D6969255D2911003DB01A /* Project object */ = {
			isa = PBXProject;
			attributes = {
				LastSwiftUpdateCheck = 1210;
				LastUpgradeCheck = 1210;
				TargetAttributes = {
					3B9D6970255D2911003DB01A = {
						CreatedOnToolsVersion = 12.1;
					};
					3B9D6986255D2913003DB01A = {
						CreatedOnToolsVersion = 12.1;
						TestTargetID = 3B9D6970255D2911003DB01A;
					};
					3B9D6991255D2913003DB01A = {
						CreatedOnToolsVersion = 12.1;
						TestTargetID = 3B9D6970255D2911003DB01A;
					};
				};
			};
			buildConfigurationList = 3B9D696C255D2911003DB01A /* Build configuration list for PBXProject "Table View" */;
			compatibilityVersion = "Xcode 9.3";
			developmentRegion = en;
			hasScannedForEncodings = 0;
			knownRegions = (
				en,
				Base,
			);
			mainGroup = 3B9D6968255D2911003DB01A;
			productRefGroup = 3B9D6972255D2911003DB01A /* Products */;
			projectDirPath = "";
			projectRoot = "";
			targets = (
				3B9D6970255D2911003DB01A /* Table View */,
				3B9D6986255D2913003DB01A /* Table ViewTests */,
				3B9D6991255D2913003DB01A /* Table ViewUITests */,
			);
		};
/* End PBXProject section */

/* Begin PBXResourcesBuildPhase section */
		3B9D696F255D2911003DB01A /* Resources */ = {
			isa = PBXResourcesBuildPhase;
			buildActionMask = 2147483647;
			files = (
				3B9D6981255D2913003DB01A /* LaunchScreen.storyboard in Resources */,
				3B9D697E255D2913003DB01A /* Assets.xcassets in Resources */,
				3B9D697C255D2911003DB01A /* Main.storyboard in Resources */,
			);
			runOnlyForDeploymentPostprocessing = 0;
		};
		3B9D6985255D2913003DB01A /* Resources */ = {
			isa = PBXResourcesBuildPhase;
			buildActionMask = 2147483647;
			files = (
			);
			runOnlyForDeploymentPostprocessing = 0;
		};
		3B9D6990255D2913003DB01A /* Resources */ = {
			isa = PBXResourcesBuildPhase;
			buildActionMask = 2147483647;
			files = (
			);
			runOnlyForDeploymentPostprocessing = 0;
		};
/* End PBXResourcesBuildPhase section */

/* Begin PBXSourcesBuildPhase section */
		3B9D696D255D2911003DB01A /* Sources */ = {
			isa = PBXSourcesBuildPhase;
			buildActionMask = 2147483647;
			files = (
				3B9D6979255D2911003DB01A /* ViewController.swift in Sources */,
				3B9D6975255D2911003DB01A /* AppDelegate.swift in Sources */,
				3B9D6977255D2911003DB01A /* SceneDelegate.swift in Sources */,
				3B9D69A8255D2C54003DB01A /* ProvinsiTableViewCell.swift in Sources */,
			);
			runOnlyForDeploymentPostprocessing = 0;
		};
		3B9D6983255D2913003DB01A /* Sources */ = {
			isa = PBXSourcesBuildPhase;
			buildActionMask = 2147483647;
			files = (
				3B9D698C255D2913003DB01A /* Table_ViewTests.swift in Sources */,
			);
			runOnlyForDeploymentPostprocessing = 0;
		};
		3B9D698E255D2913003DB01A /* Sources */ = {
			isa = PBXSourcesBuildPhase;
			buildActionMask = 2147483647;
			files = (
				3B9D6997255D2913003DB01A /* Table_ViewUITests.swift in Sources */,
			);
			runOnlyForDeploymentPostprocessing = 0;
		};
/* End PBXSourcesBuildPhase section */

/* Begin PBXTargetDependency section */
		3B9D6989255D2913003DB01A /* PBXTargetDependency */ = {
			isa = PBXTargetDependency;
			target = 3B9D6970255D2911003DB01A /* Table View */;
			targetProxy = 3B9D6988255D2913003DB01A /* PBXContainerItemProxy */;
		};
		3B9D6994255D2913003DB01A /* PBXTargetDependency */ = {
			isa = PBXTargetDependency;
			target = 3B9D6970255D2911003DB01A /* Table View */;
			targetProxy = 3B9D6993255D2913003DB01A /* PBXContainerItemProxy */;
		};
/* End PBXTargetDependency section */

/* Begin PBXVariantGroup section */
		3B9D697A255D2911003DB01A /* Main.storyboard */ = {
			isa = PBXVariantGroup;
			children = (
				3B9D697B255D2911003DB01A /* Base */,
			);
			name = Main.storyboard;
			sourceTree = "<group>";
		};
		3B9D697F255D2913003DB01A /* LaunchScreen.storyboard */ = {
			isa = PBXVariantGroup;
			children = (
				3B9D6980255D2913003DB01A /* Base */,
			);
			name = LaunchScreen.storyboard;
			sourceTree = "<group>";
		};
/* End PBXVariantGroup section */

/* Begin XCBuildConfiguration section */
		3B9D6999255D2913003DB01A /* Debug */ = {
			isa = XCBuildConfiguration;
			buildSettings = {
				ALWAYS_SEARCH_USER_PATHS = NO;
				CLANG_ANALYZER_NONNULL = YES;
				CLANG_ANALYZER_NUMBER_OBJECT_CONVERSION = YES_AGGRESSIVE;
				CLANG_CXX_LANGUAGE_STANDARD = "gnu++14";
				CLANG_CXX_LIBRARY = "libc++";
				CLANG_ENABLE_MODULES = YES;
				CLANG_ENABLE_OBJC_ARC = YES;
				CLANG_ENABLE_OBJC_WEAK = YES;
				CLANG_WARN_BLOCK_CAPTURE_AUTORELEASING = YES;
				CLANG_WARN_BOOL_CONVERSION = YES;
				CLANG_WARN_COMMA = YES;
				CLANG_WARN_CONSTANT_CONVERSION = YES;
				CLANG_WARN_DEPRECATED_OBJC_IMPLEMENTATIONS = YES;
				CLANG_WARN_DIRECT_OBJC_ISA_USAGE = YES_ERROR;
				CLANG_WARN_DOCUMENTATION_COMMENTS = YES;
				CLANG_WARN_EMPTY_BODY = YES;
				CLANG_WARN_ENUM_CONVERSION = YES;
				CLANG_WARN_INFINITE_RECURSION = YES;
				CLANG_WARN_INT_CONVERSION = YES;
				CLANG_WARN_NON_LITERAL_NULL_CONVERSION = YES;
				CLANG_WARN_OBJC_IMPLICIT_RETAIN_SELF = YES;
				CLANG_WARN_OBJC_LITERAL_CONVERSION = YES;
				CLANG_WARN_OBJC_ROOT_CLASS = YES_ERROR;
				CLANG_WARN_QUOTED_INCLUDE_IN_FRAMEWORK_HEADER = YES;
				CLANG_WARN_RANGE_LOOP_ANALYSIS = YES;
				CLANG_WARN_STRICT_PROTOTYPES = YES;
				CLANG_WARN_SUSPICIOUS_MOVE = YES;
				CLANG_WARN_UNGUARDED_AVAILABILITY = YES_AGGRESSIVE;
				CLANG_WARN_UNREACHABLE_CODE = YES;
				CLANG_WARN__DUPLICATE_METHOD_MATCH = YES;
				COPY_PHASE_STRIP = NO;
				DEBUG_INFORMATION_FORMAT = dwarf;
				ENABLE_STRICT_OBJC_MSGSEND = YES;
				ENABLE_TESTABILITY = YES;
				GCC_C_LANGUAGE_STANDARD = gnu11;
				GCC_DYNAMIC_NO_PIC = NO;
				GCC_NO_COMMON_BLOCKS = YES;
				GCC_OPTIMIZATION_LEVEL = 0;
				GCC_PREPROCESSOR_DEFINITIONS = (
					"DEBUG=1",
					"$(inherited)",
				);
				GCC_WARN_64_TO_32_BIT_CONVERSION = YES;
				GCC_WARN_ABOUT_RETURN_TYPE = YES_ERROR;
				GCC_WARN_UNDECLARED_SELECTOR = YES;
				GCC_WARN_UNINITIALIZED_AUTOS = YES_AGGRESSIVE;
				GCC_WARN_UNUSED_FUNCTION = YES;
				GCC_WARN_UNUSED_VARIABLE = YES;
				IPHONEOS_DEPLOYMENT_TARGET = 14.1;
				MTL_ENABLE_DEBUG_INFO = INCLUDE_SOURCE;
				MTL_FAST_MATH = YES;
				ONLY_ACTIVE_ARCH = YES;
				SDKROOT = iphoneos;
				SWIFT_ACTIVE_COMPILATION_CONDITIONS = DEBUG;
				SWIFT_OPTIMIZATION_LEVEL = "-Onone";
			};
			name = Debug;
		};
		3B9D699A255D2913003DB01A /* Release */ = {
			isa = XCBuildConfiguration;
			buildSettings = {
				ALWAYS_SEARCH_USER_PATHS = NO;
				CLANG_ANALYZER_NONNULL = YES;
				CLANG_ANALYZER_NUMBER_OBJECT_CONVERSION = YES_AGGRESSIVE;
				CLANG_CXX_LANGUAGE_STANDARD = "gnu++14";
				CLANG_CXX_LIBRARY = "libc++";
				CLANG_ENABLE_MODULES = YES;
				CLANG_ENABLE_OBJC_ARC = YES;
				CLANG_ENABLE_OBJC_WEAK = YES;
				CLANG_WARN_BLOCK_CAPTURE_AUTORELEASING = YES;
				CLANG_WARN_BOOL_CONVERSION = YES;
				CLANG_WARN_COMMA = YES;
				CLANG_WARN_CONSTANT_CONVERSION = YES;
				CLANG_WARN_DEPRECATED_OBJC_IMPLEMENTATIONS = YES;
				CLANG_WARN_DIRECT_OBJC_ISA_USAGE = YES_ERROR;
				CLANG_WARN_DOCUMENTATION_COMMENTS = YES;
				CLANG_WARN_EMPTY_BODY = YES;
				CLANG_WARN_ENUM_CONVERSION = YES;
				CLANG_WARN_INFINITE_RECURSION = YES;
				CLANG_WARN_INT_CONVERSION = YES;
				CLANG_WARN_NON_LITERAL_NULL_CONVERSION = YES;
				CLANG_WARN_OBJC_IMPLICIT_RETAIN_SELF = YES;
				CLANG_WARN_OBJC_LITERAL_CONVERSION = YES;
				CLANG_WARN_OBJC_ROOT_CLASS = YES_ERROR;
				CLANG_WARN_QUOTED_INCLUDE_IN_FRAMEWORK_HEADER = YES;
				CLANG_WARN_RANGE_LOOP_ANALYSIS = YES;
				CLANG_WARN_STRICT_PROTOTYPES = YES;
				CLANG_WARN_SUSPICIOUS_MOVE = YES;
				CLANG_WARN_UNGUARDED_AVAILABILITY = YES_AGGRESSIVE;
				CLANG_WARN_UNREACHABLE_CODE = YES;
				CLANG_WARN__DUPLICATE_METHOD_MATCH = YES;
				COPY_PHASE_STRIP = NO;
				DEBUG_INFORMATION_FORMAT = "dwarf-with-dsym";
				ENABLE_NS_ASSERTIONS = NO;
				ENABLE_STRICT_OBJC_MSGSEND = YES;
				GCC_C_LANGUAGE_STANDARD = gnu11;
				GCC_NO_COMMON_BLOCKS = YES;
				GCC_WARN_64_TO_32_BIT_CONVERSION = YES;
				GCC_WARN_ABOUT_RETURN_TYPE = YES_ERROR;
				GCC_WARN_UNDECLARED_SELECTOR = YES;
				GCC_WARN_UNINITIALIZED_AUTOS = YES_AGGRESSIVE;
				GCC_WARN_UNUSED_FUNCTION = YES;
				GCC_WARN_UNUSED_VARIABLE = YES;
				IPHONEOS_DEPLOYMENT_TARGET = 14.1;
				MTL_ENABLE_DEBUG_INFO = NO;
				MTL_FAST_MATH = YES;
				SDKROOT = iphoneos;
				SWIFT_COMPILATION_MODE = wholemodule;
				SWIFT_OPTIMIZATION_LEVEL = "-O";
				VALIDATE_PRODUCT = YES;
			};
			name = Release;
		};
		3B9D699C255D2913003DB01A /* Debug */ = {
			isa = XCBuildConfiguration;
			buildSettings = {
				ASSETCATALOG_COMPILER_APPICON_NAME = AppIcon;
				ASSETCATALOG_COMPILER_GLOBAL_ACCENT_COLOR_NAME = AccentColor;
				CODE_SIGN_STYLE = Automatic;
				INFOPLIST_FILE = "Table View/Info.plist";
				LD_RUNPATH_SEARCH_PATHS = (
					"$(inherited)",
					"@executable_path/Frameworks",
				);
				PRODUCT_BUNDLE_IDENTIFIER = "RPL-A.Table-View";
				PRODUCT_NAME = "$(TARGET_NAME)";
				SWIFT_VERSION = 5.0;
				TARGETED_DEVICE_FAMILY = "1,2";
			};
			name = Debug;
		};
		3B9D699D255D2913003DB01A /* Release */ = {
			isa = XCBuildConfiguration;
			buildSettings = {
				ASSETCATALOG_COMPILER_APPICON_NAME = AppIcon;
				ASSETCATALOG_COMPILER_GLOBAL_ACCENT_COLOR_NAME = AccentColor;
				CODE_SIGN_STYLE = Automatic;
				INFOPLIST_FILE = "Table View/Info.plist";
				LD_RUNPATH_SEARCH_PATHS = (
					"$(inherited)",
					"@executable_path/Frameworks",
				);
				PRODUCT_BUNDLE_IDENTIFIER = "RPL-A.Table-View";
				PRODUCT_NAME = "$(TARGET_NAME)";
				SWIFT_VERSION = 5.0;
				TARGETED_DEVICE_FAMILY = "1,2";
			};
			name = Release;
		};
		3B9D699F255D2913003DB01A /* Debug */ = {
			isa = XCBuildConfiguration;
			buildSettings = {
				ALWAYS_EMBED_SWIFT_STANDARD_LIBRARIES = YES;
				BUNDLE_LOADER = "$(TEST_HOST)";
				CODE_SIGN_STYLE = Automatic;
				INFOPLIST_FILE = "Table ViewTests/Info.plist";
				IPHONEOS_DEPLOYMENT_TARGET = 14.1;
				LD_RUNPATH_SEARCH_PATHS = (
					"$(inherited)",
					"@executable_path/Frameworks",
					"@loader_path/Frameworks",
				);
				PRODUCT_BUNDLE_IDENTIFIER = "RPL-A.Table-ViewTests";
				PRODUCT_NAME = "$(TARGET_NAME)";
				SWIFT_VERSION = 5.0;
				TARGETED_DEVICE_FAMILY = "1,2";
				TEST_HOST = "$(BUILT_PRODUCTS_DIR)/Table View.app/Table View";
			};
			name = Debug;
		};
		3B9D69A0255D2913003DB01A /* Release */ = {
			isa = XCBuildConfiguration;
			buildSettings = {
				ALWAYS_EMBED_SWIFT_STANDARD_LIBRARIES = YES;
				BUNDLE_LOADER = "$(TEST_HOST)";
				CODE_SIGN_STYLE = Automatic;
				INFOPLIST_FILE = "Table ViewTests/Info.plist";
				IPHONEOS_DEPLOYMENT_TARGET = 14.1;
				LD_RUNPATH_SEARCH_PATHS = (
					"$(inherited)",
					"@executable_path/Frameworks",
					"@loader_path/Frameworks",
				);
				PRODUCT_BUNDLE_IDENTIFIER = "RPL-A.Table-ViewTests";
				PRODUCT_NAME = "$(TARGET_NAME)";
				SWIFT_VERSION = 5.0;
				TARGETED_DEVICE_FAMILY = "1,2";
				TEST_HOST = "$(BUILT_PRODUCTS_DIR)/Table View.app/Table View";
			};
			name = Release;
		};
		3B9D69A2255D2913003DB01A /* Debug */ = {
			isa = XCBuildConfiguration;
			buildSettings = {
				ALWAYS_EMBED_SWIFT_STANDARD_LIBRARIES = YES;
				CODE_SIGN_STYLE = Automatic;
				INFOPLIST_FILE = "Table ViewUITests/Info.plist";
				LD_RUNPATH_SEARCH_PATHS = (
					"$(inherited)",
					"@executable_path/Frameworks",
					"@loader_path/Frameworks",
				);
				PRODUCT_BUNDLE_IDENTIFIER = "RPL-A.Table-ViewUITests";
				PRODUCT_NAME = "$(TARGET_NAME)";
				SWIFT_VERSION = 5.0;
				TARGETED_DEVICE_FAMILY = "1,2";
				TEST_TARGET_NAME = "Table View";
			};
			name = Debug;
		};
		3B9D69A3255D2913003DB01A /* Release */ = {
			isa = XCBuildConfiguration;
			buildSettings = {
				ALWAYS_EMBED_SWIFT_STANDARD_LIBRARIES = YES;
				CODE_SIGN_STYLE = Automatic;
				INFOPLIST_FILE = "Table ViewUITests/Info.plist";
				LD_RUNPATH_SEARCH_PATHS = (
					"$(inherited)",
					"@executable_path/Frameworks",
					"@loader_path/Frameworks",
				);
				PRODUCT_BUNDLE_IDENTIFIER = "RPL-A.Table-ViewUITests";
				PRODUCT_NAME = "$(TARGET_NAME)";
				SWIFT_VERSION = 5.0;
				TARGETED_DEVICE_FAMILY = "1,2";
				TEST_TARGET_NAME = "Table View";
			};
			name = Release;
		};
/* End XCBuildConfiguration section */

/* Begin XCConfigurationList section */
		3B9D696C255D2911003DB01A /* Build configuration list for PBXProject "Table View" */ = {
			isa = XCConfigurationList;
			buildConfigurations = (
				3B9D6999255D2913003DB01A /* Debug */,
				3B9D699A255D2913003DB01A /* Release */,
			);
			defaultConfigurationIsVisible = 0;
			defaultConfigurationName = Release;
		};
		3B9D699B255D2913003DB01A /* Build configuration list for PBXNativeTarget "Table View" */ = {
			isa = XCConfigurationList;
			buildConfigurations = (
				3B9D699C255D2913003DB01A /* Debug */,
				3B9D699D255D2913003DB01A /* Release */,
			);
			defaultConfigurationIsVisible = 0;
			defaultConfigurationName = Release;
		};
		3B9D699E255D2913003DB01A /* Build configuration list for PBXNativeTarget "Table ViewTests" */ = {
			isa = XCConfigurationList;
			buildConfigurations = (
				3B9D699F255D2913003DB01A /* Debug */,
				3B9D69A0255D2913003DB01A /* Release */,
			);
			defaultConfigurationIsVisible = 0;
			defaultConfigurationName = Release;
		};
		3B9D69A1255D2913003DB01A /* Build configuration list for PBXNativeTarget "Table ViewUITests" */ = {
			isa = XCConfigurationList;
			buildConfigurations = (
				3B9D69A2255D2913003DB01A /* Debug */,
				3B9D69A3255D2913003DB01A /* Release */,
			);
			defaultConfigurationIsVisible = 0;
			defaultConfigurationName = Release;
		};
/* End XCConfigurationList section */
	};
	rootObject = 3B9D6969255D2911003DB01A /* Project object */;
}
